
Microsoft Visual Studio Solution File, Format Version 12.00
# Visual Studio 14
VisualStudioVersion = 14.0.25420.1
MinimumVisualStudioVersion = 10.0.40219.1
Project("{8BC9CEB8-8B4A-11D0-8D11-00A0C91BC942}") = "example_log_dll", "examples\example_log_dll\example_log_dll.vcxproj", "{4FE8010C-449C-474A-906A-640AB2503FF4}"
	ProjectSection(ProjectDependencies) = postProject
		{C67966E7-3267-4E94-89E1-7C321EA486A2} = {C67966E7-3267-4E94-89E1-7C321EA486A2}
	EndProjectSection
EndProject
Project("{2150E333-8FDC-42A3-9474-1A3956D46DE8}") = "tests", "tests", "{17F351D0-D575-4B4D-B4EF-72AAC012D3FD}"
EndProject
Project("{8BC9CEB8-8B4A-11D0-8D11-00A0C91BC942}") = "test_common", "tests\test_common\test_common.vcxproj", "{3905CDA8-8890-4996-9EF6-44EF39BBC569}"
EndProject
Project("{2150E333-8FDC-42A3-9474-1A3956D46DE8}") = "examples", "examples", "{7ACD6C37-F945-46F0-B99A-86E372A838EB}"
EndProject
Project("{8BC9CEB8-8B4A-11D0-8D11-00A0C91BC942}") = "logger_host", "src\logger_host\logger_host.vcxproj", "{C67966E7-3267-4E94-89E1-7C321EA486A2}"
EndProject
Project("{8BC9CEB8-8B4A-11D0-8D11-00A0C91BC942}") = "logger_dll", "src\logger_dll\logger_dll.vcxproj", "{2A069CB6-C1DF-491E-9319-0627C535ED4D}"
	ProjectSection(ProjectDependencies) = postProject
		{C67966E7-3267-4E94-89E1-7C321EA486A2} = {C67966E7-3267-4E94-89E1-7C321EA486A2}
	EndProjectSection
EndProject
Project("{8BC9CEB8-8B4A-11D0-8D11-00A0C91BC942}") = "sample_c_dll_host", "examples\sample_c_dll_host\sample_c_dll_host.vcxproj", "{21DEE22D-B730-4C41-9A0D-A49A8152AD6E}"
	ProjectSection(ProjectDependencies) = postProject
		{C67966E7-3267-4E94-89E1-7C321EA486A2} = {C67966E7-3267-4E94-89E1-7C321EA486A2}
	EndProjectSection
EndProject
Project("{8BC9CEB8-8B4A-11D0-8D11-00A0C91BC942}") = "sample_cpp_dll_host", "examples\sample_cpp_dll_host\sample_cpp_dll_host.vcxproj", "{8CB7BF3D-C86E-4674-AEA8-B670B89BC94F}"
	ProjectSection(ProjectDependencies) = postProject
		{C67966E7-3267-4E94-89E1-7C321EA486A2} = {C67966E7-3267-4E94-89E1-7C321EA486A2}
	EndProjectSection
EndProject
Project("{8BC9CEB8-8B4A-11D0-8D11-00A0C91BC942}") = "sample_cpp_nodll_nohost", "examples\sample_cpp_nodll_nohost\sample_cpp_nodll_nohost.vcxproj", "{86C23CC7-394D-443C-9FF2-8D46CC8D952B}"
EndProject
Global
	GlobalSection(SolutionConfigurationPlatforms) = preSolution
		Debug|Win32 = Debug|Win32
		Debug|x64 = Debug|x64
		Release|Win32 = Release|Win32
		Release|x64 = Release|x64
	EndGlobalSection
	GlobalSection(ProjectConfigurationPlatforms) = postSolution
		{4FE8010C-449C-474A-906A-640AB2503FF4}.Debug|Win32.ActiveCfg = Debug|Win32
		{4FE8010C-449C-474A-906A-640AB2503FF4}.Debug|Win32.Build.0 = Debug|Win32
		{4FE8010C-449C-474A-906A-640AB2503FF4}.Debug|x64.ActiveCfg = Debug|x64
		{4FE8010C-449C-474A-906A-640AB2503FF4}.Debug|x64.Build.0 = Debug|x64
		{4FE8010C-449C-474A-906A-640AB2503FF4}.Release|Win32.ActiveCfg = Release|Win32
		{4FE8010C-449C-474A-906A-640AB2503FF4}.Release|Win32.Build.0 = Release|Win32
		{4FE8010C-449C-474A-906A-640AB2503FF4}.Release|x64.ActiveCfg = Release|Win32
		{3905CDA8-8890-4996-9EF6-44EF39BBC569}.Debug|Win32.ActiveCfg = Debug|Win32
		{3905CDA8-8890-4996-9EF6-44EF39BBC569}.Debug|Win32.Build.0 = Debug|Win32
		{3905CDA8-8890-4996-9EF6-44EF39BBC569}.Debug|x64.ActiveCfg = Debug|x64
		{3905CDA8-8890-4996-9EF6-44EF39BBC569}.Debug|x64.Build.0 = Debug|x64
		{3905CDA8-8890-4996-9EF6-44EF39BBC569}.Release|Win32.ActiveCfg = Release|Win32
		{3905CDA8-8890-4996-9EF6-44EF39BBC569}.Release|Win32.Build.0 = Release|Win32
		{3905CDA8-8890-4996-9EF6-44EF39BBC569}.Release|x64.ActiveCfg = Release|Win32
		{C67966E7-3267-4E94-89E1-7C321EA486A2}.Debug|Win32.ActiveCfg = Debug|Win32
		{C67966E7-3267-4E94-89E1-7C321EA486A2}.Debug|Win32.Build.0 = Debug|Win32
		{C67966E7-3267-4E94-89E1-7C321EA486A2}.Debug|x64.ActiveCfg = Debug|x64
		{C67966E7-3267-4E94-89E1-7C321EA486A2}.Debug|x64.Build.0 = Debug|x64
		{C67966E7-3267-4E94-89E1-7C321EA486A2}.Release|Win32.ActiveCfg = Release|Win32
		{C67966E7-3267-4E94-89E1-7C321EA486A2}.Release|Win32.Build.0 = Release|Win32
		{C67966E7-3267-4E94-89E1-7C321EA486A2}.Release|x64.ActiveCfg = Release|x64
		{C67966E7-3267-4E94-89E1-7C321EA486A2}.Release|x64.Build.0 = Release|x64
		{2A069CB6-C1DF-491E-9319-0627C535ED4D}.Debug|Win32.ActiveCfg = Debug|Win32
		{2A069CB6-C1DF-491E-9319-0627C535ED4D}.Debug|Win32.Build.0 = Debug|Win32
		{2A069CB6-C1DF-491E-9319-0627C535ED4D}.Debug|x64.ActiveCfg = Debug|x64
		{2A069CB6-C1DF-491E-9319-0627C535ED4D}.Debug|x64.Build.0 = Debug|x64
		{2A069CB6-C1DF-491E-9319-0627C535ED4D}.Release|Win32.ActiveCfg = Release|Win32
		{2A069CB6-C1DF-491E-9319-0627C535ED4D}.Release|Win32.Build.0 = Release|Win32
		{2A069CB6-C1DF-491E-9319-0627C535ED4D}.Release|x64.ActiveCfg = Release|x64
		{2A069CB6-C1DF-491E-9319-0627C535ED4D}.Release|x64.Build.0 = Release|x64
		{21DEE22D-B730-4C41-9A0D-A49A8152AD6E}.Debug|Win32.ActiveCfg = Debug|Win32
		{21DEE22D-B730-4C41-9A0D-A49A8152AD6E}.Debug|Win32.Build.0 = Debug|Win32
		{21DEE22D-B730-4C41-9A0D-A49A8152AD6E}.Debug|x64.ActiveCfg = Debug|x64
		{21DEE22D-B730-4C41-9A0D-A49A8152AD6E}.Debug|x64.Build.0 = Debug|x64
		{21DEE22D-B730-4C41-9A0D-A49A8152AD6E}.Release|Win32.ActiveCfg = Release|Win32
		{21DEE22D-B730-4C41-9A0D-A49A8152AD6E}.Release|Win32.Build.0 = Release|Win32
		{21DEE22D-B730-4C41-9A0D-A49A8152AD6E}.Release|x64.ActiveCfg = Release|x64
		{21DEE22D-B730-4C41-9A0D-A49A8152AD6E}.Release|x64.Build.0 = Release|x64
		{8CB7BF3D-C86E-4674-AEA8-B670B89BC94F}.Debug|Win32.ActiveCfg = Debug|Win32
		{8CB7BF3D-C86E-4674-AEA8-B670B89BC94F}.Debug|Win32.Build.0 = Debug|Win32
		{8CB7BF3D-C86E-4674-AEA8-B670B89BC94F}.Debug|x64.ActiveCfg = Debug|x64
		{8CB7BF3D-C86E-4674-AEA8-B670B89BC94F}.Debug|x64.Build.0 = Debug|x64
		{8CB7BF3D-C86E-4674-AEA8-B670B89BC94F}.Release|Win32.ActiveCfg = Release|Win32
		{8CB7BF3D-C86E-4674-AEA8-B670B89BC94F}.Release|Win32.Build.0 = Release|Win32
		{8CB7BF3D-C86E-4674-AEA8-B670B89BC94F}.Release|x64.ActiveCfg = Release|x64
		{8CB7BF3D-C86E-4674-AEA8-B670B89BC94F}.Release|x64.Build.0 = Release|x64
		{86C23CC7-394D-443C-9FF2-8D46CC8D952B}.Debug|Win32.ActiveCfg = Debug|Win32
		{86C23CC7-394D-443C-9FF2-8D46CC8D952B}.Debug|Win32.Build.0 = Debug|Win32
		{86C23CC7-394D-443C-9FF2-8D46CC8D952B}.Debug|x64.ActiveCfg = Debug|x64
		{86C23CC7-394D-443C-9FF2-8D46CC8D952B}.Debug|x64.Build.0 = Debug|x64
		{86C23CC7-394D-443C-9FF2-8D46CC8D952B}.Release|Win32.ActiveCfg = Release|Win32
		{86C23CC7-394D-443C-9FF2-8D46CC8D952B}.Release|Win32.Build.0 = Release|Win32
		{86C23CC7-394D-443C-9FF2-8D46CC8D952B}.Release|x64.ActiveCfg = Release|x64
		{86C23CC7-394D-443C-9FF2-8D46CC8D952B}.Release|x64.Build.0 = Release|x64
	EndGlobalSection
	GlobalSection(SolutionProperties) = preSolution
		HideSolutionNode = FALSE
	EndGlobalSection
	GlobalSection(NestedProjects) = preSolution
		{4FE8010C-449C-474A-906A-640AB2503FF4} = {7ACD6C37-F945-46F0-B99A-86E372A838EB}
		{3905CDA8-8890-4996-9EF6-44EF39BBC569} = {17F351D0-D575-4B4D-B4EF-72AAC012D3FD}
		{21DEE22D-B730-4C41-9A0D-A49A8152AD6E} = {7ACD6C37-F945-46F0-B99A-86E372A838EB}
		{8CB7BF3D-C86E-4674-AEA8-B670B89BC94F} = {7ACD6C37-F945-46F0-B99A-86E372A838EB}
		{86C23CC7-394D-443C-9FF2-8D46CC8D952B} = {7ACD6C37-F945-46F0-B99A-86E372A838EB}
	EndGlobalSection
EndGlobal
